// !$*UTF8*$!
{
	archiveVersion = 1;
	classes = {
	};
	objectVersion = 46;
	objects = {

/* Begin PBXBuildFile section */
		1A11EDB31C4433AA00A612DB /* CustomItemTableViewCell.swift in Sources */ = {isa = PBXBuildFile; fileRef = 1A11EDB21C4433AA00A612DB /* CustomItemTableViewCell.swift */; };
		1A11EDB51C4433DE00A612DB /* MenuTableViewController.swift in Sources */ = {isa = PBXBuildFile; fileRef = 1A11EDB41C4433DE00A612DB /* MenuTableViewController.swift */; };
		1A11EDB71C4472DC00A612DB /* OptionsTableViewController.swift in Sources */ = {isa = PBXBuildFile; fileRef = 1A11EDB61C4472DC00A612DB /* OptionsTableViewController.swift */; };
		1A11EDB91C45672D00A612DB /* CustomOptionTableViewCell.swift in Sources */ = {isa = PBXBuildFile; fileRef = 1A11EDB81C45672D00A612DB /* CustomOptionTableViewCell.swift */; };
		1ABEB18D1C42C92000EC0331 /* AppDelegate.swift in Sources */ = {isa = PBXBuildFile; fileRef = 1ABEB18C1C42C92000EC0331 /* AppDelegate.swift */; };
		1ABEB18F1C42C92000EC0331 /* MainMenuViewController.swift in Sources */ = {isa = PBXBuildFile; fileRef = 1ABEB18E1C42C92000EC0331 /* MainMenuViewController.swift */; };
		1ABEB1921C42C92000EC0331 /* Main.storyboard in Resources */ = {isa = PBXBuildFile; fileRef = 1ABEB1901C42C92000EC0331 /* Main.storyboard */; };
		1ABEB1941C42C92000EC0331 /* Assets.xcassets in Resources */ = {isa = PBXBuildFile; fileRef = 1ABEB1931C42C92000EC0331 /* Assets.xcassets */; };
		1ABEB1971C42C92000EC0331 /* LaunchScreen.storyboard in Resources */ = {isa = PBXBuildFile; fileRef = 1ABEB1951C42C92000EC0331 /* LaunchScreen.storyboard */; };
		1ABEB1A21C42C92000EC0331 /* WatervilleFoodTests.swift in Sources */ = {isa = PBXBuildFile; fileRef = 1ABEB1A11C42C92000EC0331 /* WatervilleFoodTests.swift */; };
		1ABEB1AD1C42C92000EC0331 /* WatervilleFoodUITests.swift in Sources */ = {isa = PBXBuildFile; fileRef = 1ABEB1AC1C42C92000EC0331 /* WatervilleFoodUITests.swift */; };
		AA139D5C3E011C42C25EF99E /* Pods.framework in Frameworks */ = {isa = PBXBuildFile; fileRef = 0904535E817F74D4B08386F5 /* Pods.framework */; };
/* End PBXBuildFile section */

/* Begin PBXContainerItemProxy section */
		1ABEB19E1C42C92000EC0331 /* PBXContainerItemProxy */ = {
			isa = PBXContainerItemProxy;
			containerPortal = 1ABEB1811C42C92000EC0331 /* Project object */;
			proxyType = 1;
			remoteGlobalIDString = 1ABEB1881C42C92000EC0331;
			remoteInfo = WatervilleFood;
		};
		1ABEB1A91C42C92000EC0331 /* PBXContainerItemProxy */ = {
			isa = PBXContainerItemProxy;
			containerPortal = 1ABEB1811C42C92000EC0331 /* Project object */;
			proxyType = 1;
			remoteGlobalIDString = 1ABEB1881C42C92000EC0331;
			remoteInfo = WatervilleFood;
		};
/* End PBXContainerItemProxy section */

/* Begin PBXFileReference section */
		0904535E817F74D4B08386F5 /* Pods.framework */ = {isa = PBXFileReference; explicitFileType = wrapper.framework; includeInIndex = 0; path = Pods.framework; sourceTree = BUILT_PRODUCTS_DIR; };
		1A11EDB21C4433AA00A612DB /* CustomItemTableViewCell.swift */ = {isa = PBXFileReference; fileEncoding = 4; lastKnownFileType = sourcecode.swift; path = CustomItemTableViewCell.swift; sourceTree = "<group>"; };
		1A11EDB41C4433DE00A612DB /* MenuTableViewController.swift */ = {isa = PBXFileReference; fileEncoding = 4; lastKnownFileType = sourcecode.swift; path = MenuTableViewController.swift; sourceTree = "<group>"; };
		1A11EDB61C4472DC00A612DB /* OptionsTableViewController.swift */ = {isa = PBXFileReference; fileEncoding = 4; lastKnownFileType = sourcecode.swift; path = OptionsTableViewController.swift; sourceTree = "<group>"; };
		1A11EDB81C45672D00A612DB /* CustomOptionTableViewCell.swift */ = {isa = PBXFileReference; fileEncoding = 4; lastKnownFileType = sourcecode.swift; path = CustomOptionTableViewCell.swift; sourceTree = "<group>"; };
		1ABEB1891C42C92000EC0331 /* WatervilleFood.app */ = {isa = PBXFileReference; explicitFileType = wrapper.application; includeInIndex = 0; path = WatervilleFood.app; sourceTree = BUILT_PRODUCTS_DIR; };
		1ABEB18C1C42C92000EC0331 /* AppDelegate.swift */ = {isa = PBXFileReference; lastKnownFileType = sourcecode.swift; path = AppDelegate.swift; sourceTree = "<group>"; };
		1ABEB18E1C42C92000EC0331 /* MainMenuViewController.swift */ = {isa = PBXFileReference; lastKnownFileType = sourcecode.swift; path = MainMenuViewController.swift; sourceTree = "<group>"; };
		1ABEB1911C42C92000EC0331 /* Base */ = {isa = PBXFileReference; lastKnownFileType = file.storyboard; name = Base; path = Base.lproj/Main.storyboard; sourceTree = "<group>"; };
		1ABEB1931C42C92000EC0331 /* Assets.xcassets */ = {isa = PBXFileReference; lastKnownFileType = folder.assetcatalog; path = Assets.xcassets; sourceTree = "<group>"; };
		1ABEB1961C42C92000EC0331 /* Base */ = {isa = PBXFileReference; lastKnownFileType = file.storyboard; name = Base; path = Base.lproj/LaunchScreen.storyboard; sourceTree = "<group>"; };
		1ABEB1981C42C92000EC0331 /* Info.plist */ = {isa = PBXFileReference; lastKnownFileType = text.plist.xml; path = Info.plist; sourceTree = "<group>"; };
		1ABEB19D1C42C92000EC0331 /* WatervilleFoodTests.xctest */ = {isa = PBXFileReference; explicitFileType = wrapper.cfbundle; includeInIndex = 0; path = WatervilleFoodTests.xctest; sourceTree = BUILT_PRODUCTS_DIR; };
		1ABEB1A11C42C92000EC0331 /* WatervilleFoodTests.swift */ = {isa = PBXFileReference; lastKnownFileType = sourcecode.swift; path = WatervilleFoodTests.swift; sourceTree = "<group>"; };
		1ABEB1A31C42C92000EC0331 /* Info.plist */ = {isa = PBXFileReference; lastKnownFileType = text.plist.xml; path = Info.plist; sourceTree = "<group>"; };
		1ABEB1A81C42C92000EC0331 /* WatervilleFoodUITests.xctest */ = {isa = PBXFileReference; explicitFileType = wrapper.cfbundle; includeInIndex = 0; path = WatervilleFoodUITests.xctest; sourceTree = BUILT_PRODUCTS_DIR; };
		1ABEB1AC1C42C92000EC0331 /* WatervilleFoodUITests.swift */ = {isa = PBXFileReference; lastKnownFileType = sourcecode.swift; path = WatervilleFoodUITests.swift; sourceTree = "<group>"; };
		1ABEB1AE1C42C92000EC0331 /* Info.plist */ = {isa = PBXFileReference; lastKnownFileType = text.plist.xml; path = Info.plist; sourceTree = "<group>"; };
		3D2A92EC8528D33ECD2EEF60 /* Pods.release.xcconfig */ = {isa = PBXFileReference; includeInIndex = 1; lastKnownFileType = text.xcconfig; name = Pods.release.xcconfig; path = "Pods/Target Support Files/Pods/Pods.release.xcconfig"; sourceTree = "<group>"; };
		FB14E4EDBD1008D716001003 /* Pods.debug.xcconfig */ = {isa = PBXFileReference; includeInIndex = 1; lastKnownFileType = text.xcconfig; name = Pods.debug.xcconfig; path = "Pods/Target Support Files/Pods/Pods.debug.xcconfig"; sourceTree = "<group>"; };
/* End PBXFileReference section */

/* Begin PBXFrameworksBuildPhase section */
		1ABEB1861C42C92000EC0331 /* Frameworks */ = {
			isa = PBXFrameworksBuildPhase;
			buildActionMask = 2147483647;
			files = (
				AA139D5C3E011C42C25EF99E /* Pods.framework in Frameworks */,
			);
			runOnlyForDeploymentPostprocessing = 0;
		};
		1ABEB19A1C42C92000EC0331 /* Frameworks */ = {
			isa = PBXFrameworksBuildPhase;
			buildActionMask = 2147483647;
			files = (
			);
			runOnlyForDeploymentPostprocessing = 0;
		};
		1ABEB1A51C42C92000EC0331 /* Frameworks */ = {
			isa = PBXFrameworksBuildPhase;
			buildActionMask = 2147483647;
			files = (
			);
			runOnlyForDeploymentPostprocessing = 0;
		};
/* End PBXFrameworksBuildPhase section */

/* Begin PBXGroup section */
		079A975D9AFF1B46397BFD47 /* Pods */ = {
			isa = PBXGroup;
			children = (
				FB14E4EDBD1008D716001003 /* Pods.debug.xcconfig */,
				3D2A92EC8528D33ECD2EEF60 /* Pods.release.xcconfig */,
			);
			name = Pods;
			sourceTree = "<group>";
		};
		1ABEB1801C42C92000EC0331 = {
			isa = PBXGroup;
			children = (
				1ABEB18B1C42C92000EC0331 /* WatervilleFood */,
				1ABEB1A01C42C92000EC0331 /* WatervilleFoodTests */,
				1ABEB1AB1C42C92000EC0331 /* WatervilleFoodUITests */,
				1ABEB18A1C42C92000EC0331 /* Products */,
				079A975D9AFF1B46397BFD47 /* Pods */,
				1B641957B67385C5C069856D /* Frameworks */,
			);
			sourceTree = "<group>";
		};
		1ABEB18A1C42C92000EC0331 /* Products */ = {
			isa = PBXGroup;
			children = (
				1ABEB1891C42C92000EC0331 /* WatervilleFood.app */,
				1ABEB19D1C42C92000EC0331 /* WatervilleFoodTests.xctest */,
				1ABEB1A81C42C92000EC0331 /* WatervilleFoodUITests.xctest */,
			);
			name = Products;
			sourceTree = "<group>";
		};
		1ABEB18B1C42C92000EC0331 /* WatervilleFood */ = {
			isa = PBXGroup;
			children = (
				1ABEB18C1C42C92000EC0331 /* AppDelegate.swift */,
				1ABEB18E1C42C92000EC0331 /* MainMenuViewController.swift */,
				1ABEB1901C42C92000EC0331 /* Main.storyboard */,
				1ABEB1931C42C92000EC0331 /* Assets.xcassets */,
				1ABEB1951C42C92000EC0331 /* LaunchScreen.storyboard */,
				1ABEB1981C42C92000EC0331 /* Info.plist */,
				1A11EDB21C4433AA00A612DB /* CustomItemTableViewCell.swift */,
				1A11EDB41C4433DE00A612DB /* MenuTableViewController.swift */,
				1A11EDB61C4472DC00A612DB /* OptionsTableViewController.swift */,
				1A11EDB81C45672D00A612DB /* CustomOptionTableViewCell.swift */,
			);
			path = WatervilleFood;
			sourceTree = "<group>";
		};
		1ABEB1A01C42C92000EC0331 /* WatervilleFoodTests */ = {
			isa = PBXGroup;
			children = (
				1ABEB1A11C42C92000EC0331 /* WatervilleFoodTests.swift */,
				1ABEB1A31C42C92000EC0331 /* Info.plist */,
			);
			path = WatervilleFoodTests;
			sourceTree = "<group>";
		};
		1ABEB1AB1C42C92000EC0331 /* WatervilleFoodUITests */ = {
			isa = PBXGroup;
			children = (
				1ABEB1AC1C42C92000EC0331 /* WatervilleFoodUITests.swift */,
				1ABEB1AE1C42C92000EC0331 /* Info.plist */,
			);
			path = WatervilleFoodUITests;
			sourceTree = "<group>";
		};
		1B641957B67385C5C069856D /* Frameworks */ = {
			isa = PBXGroup;
			children = (
				0904535E817F74D4B08386F5 /* Pods.framework */,
			);
			name = Frameworks;
			sourceTree = "<group>";
		};
/* End PBXGroup section */

/* Begin PBXNativeTarget section */
		1ABEB1881C42C92000EC0331 /* WatervilleFood */ = {
			isa = PBXNativeTarget;
			buildConfigurationList = 1ABEB1B11C42C92000EC0331 /* Build configuration list for PBXNativeTarget "WatervilleFood" */;
			buildPhases = (
				06A4C298811EAF6903C39C5F /* Check Pods Manifest.lock */,
				1ABEB1851C42C92000EC0331 /* Sources */,
				1ABEB1861C42C92000EC0331 /* Frameworks */,
				1ABEB1871C42C92000EC0331 /* Resources */,
				960C9B06EF4F93DF6EFADB15 /* Embed Pods Frameworks */,
				4E3AD9FED1CA1462CBF4BA87 /* Copy Pods Resources */,
			);
			buildRules = (
			);
			dependencies = (
			);
			name = WatervilleFood;
			productName = WatervilleFood;
			productReference = 1ABEB1891C42C92000EC0331 /* WatervilleFood.app */;
			productType = "com.apple.product-type.application";
		};
		1ABEB19C1C42C92000EC0331 /* WatervilleFoodTests */ = {
			isa = PBXNativeTarget;
			buildConfigurationList = 1ABEB1B41C42C92000EC0331 /* Build configuration list for PBXNativeTarget "WatervilleFoodTests" */;
			buildPhases = (
				1ABEB1991C42C92000EC0331 /* Sources */,
				1ABEB19A1C42C92000EC0331 /* Frameworks */,
				1ABEB19B1C42C92000EC0331 /* Resources */,
			);
			buildRules = (
			);
			dependencies = (
				1ABEB19F1C42C92000EC0331 /* PBXTargetDependency */,
			);
			name = WatervilleFoodTests;
			productName = WatervilleFoodTests;
			productReference = 1ABEB19D1C42C92000EC0331 /* WatervilleFoodTests.xctest */;
			productType = "com.apple.product-type.bundle.unit-test";
		};
		1ABEB1A71C42C92000EC0331 /* WatervilleFoodUITests */ = {
			isa = PBXNativeTarget;
			buildConfigurationList = 1ABEB1B71C42C92000EC0331 /* Build configuration list for PBXNativeTarget "WatervilleFoodUITests" */;
			buildPhases = (
				1ABEB1A41C42C92000EC0331 /* Sources */,
				1ABEB1A51C42C92000EC0331 /* Frameworks */,
				1ABEB1A61C42C92000EC0331 /* Resources */,
			);
			buildRules = (
			);
			dependencies = (
				1ABEB1AA1C42C92000EC0331 /* PBXTargetDependency */,
			);
			name = WatervilleFoodUITests;
			productName = WatervilleFoodUITests;
			productReference = 1ABEB1A81C42C92000EC0331 /* WatervilleFoodUITests.xctest */;
			productType = "com.apple.product-type.bundle.ui-testing";
		};
/* End PBXNativeTarget section */

/* Begin PBXProject section */
		1ABEB1811C42C92000EC0331 /* Project object */ = {
			isa = PBXProject;
			attributes = {
				LastSwiftUpdateCheck = 0720;
				LastUpgradeCheck = 0720;
				ORGANIZATIONNAME = "Daniel Vogel";
				TargetAttributes = {
					1ABEB1881C42C92000EC0331 = {
						CreatedOnToolsVersion = 7.2;
					};
					1ABEB19C1C42C92000EC0331 = {
						CreatedOnToolsVersion = 7.2;
						TestTargetID = 1ABEB1881C42C92000EC0331;
					};
					1ABEB1A71C42C92000EC0331 = {
						CreatedOnToolsVersion = 7.2;
						TestTargetID = 1ABEB1881C42C92000EC0331;
					};
				};
			};
			buildConfigurationList = 1ABEB1841C42C92000EC0331 /* Build configuration list for PBXProject "WatervilleFood" */;
			compatibilityVersion = "Xcode 3.2";
			developmentRegion = English;
			hasScannedForEncodings = 0;
			knownRegions = (
				en,
				Base,
			);
			mainGroup = 1ABEB1801C42C92000EC0331;
			productRefGroup = 1ABEB18A1C42C92000EC0331 /* Products */;
			projectDirPath = "";
			projectRoot = "";
			targets = (
				1ABEB1881C42C92000EC0331 /* WatervilleFood */,
				1ABEB19C1C42C92000EC0331 /* WatervilleFoodTests */,
				1ABEB1A71C42C92000EC0331 /* WatervilleFoodUITests */,
			);
		};
/* End PBXProject section */

/* Begin PBXResourcesBuildPhase section */
		1ABEB1871C42C92000EC0331 /* Resources */ = {
			isa = PBXResourcesBuildPhase;
			buildActionMask = 2147483647;
			files = (
				1ABEB1971C42C92000EC0331 /* LaunchScreen.storyboard in Resources */,
				1ABEB1941C42C92000EC0331 /* Assets.xcassets in Resources */,
				1ABEB1921C42C92000EC0331 /* Main.storyboard in Resources */,
			);
			runOnlyForDeploymentPostprocessing = 0;
		};
		1ABEB19B1C42C92000EC0331 /* Resources */ = {
			isa = PBXResourcesBuildPhase;
			buildActionMask = 2147483647;
			files = (
			);
			runOnlyForDeploymentPostprocessing = 0;
		};
		1ABEB1A61C42C92000EC0331 /* Resources */ = {
			isa = PBXResourcesBuildPhase;
			buildActionMask = 2147483647;
			files = (
			);
			runOnlyForDeploymentPostprocessing = 0;
		};
/* End PBXResourcesBuildPhase section */

/* Begin PBXShellScriptBuildPhase section */
		06A4C298811EAF6903C39C5F /* Check Pods Manifest.lock */ = {
			isa = PBXShellScriptBuildPhase;
			buildActionMask = 2147483647;
			files = (
			);
			inputPaths = (
			);
			name = "Check Pods Manifest.lock";
			outputPaths = (
			);
			runOnlyForDeploymentPostprocessing = 0;
			shellPath = /bin/sh;
			shellScript = "diff \"${PODS_ROOT}/../Podfile.lock\" \"${PODS_ROOT}/Manifest.lock\" > /dev/null\nif [[ $? != 0 ]] ; then\n    cat << EOM\nerror: The sandbox is not in sync with the Podfile.lock. Run 'pod install' or update your CocoaPods installation.\nEOM\n    exit 1\nfi\n";
			showEnvVarsInLog = 0;
		};
		4E3AD9FED1CA1462CBF4BA87 /* Copy Pods Resources */ = {
			isa = PBXShellScriptBuildPhase;
			buildActionMask = 2147483647;
			files = (
			);
			inputPaths = (
			);
			name = "Copy Pods Resources";
			outputPaths = (
			);
			runOnlyForDeploymentPostprocessing = 0;
			shellPath = /bin/sh;
			shellScript = "\"${SRCROOT}/Pods/Target Support Files/Pods/Pods-resources.sh\"\n";
			showEnvVarsInLog = 0;
		};
		960C9B06EF4F93DF6EFADB15 /* Embed Pods Frameworks */ = {
			isa = PBXShellScriptBuildPhase;
			buildActionMask = 2147483647;
			files = (
			);
			inputPaths = (
			);
			name = "Embed Pods Frameworks";
			outputPaths = (
			);
			runOnlyForDeploymentPostprocessing = 0;
			shellPath = /bin/sh;
			shellScript = "\"${SRCROOT}/Pods/Target Support Files/Pods/Pods-frameworks.sh\"\n";
			showEnvVarsInLog = 0;
		};
/* End PBXShellScriptBuildPhase section */

/* Begin PBXSourcesBuildPhase section */
		1ABEB1851C42C92000EC0331 /* Sources */ = {
			isa = PBXSourcesBuildPhase;
			buildActionMask = 2147483647;
			files = (
				1A11EDB71C4472DC00A612DB /* OptionsTableViewController.swift in Sources */,
				1ABEB18F1C42C92000EC0331 /* MainMenuViewController.swift in Sources */,
				1ABEB18D1C42C92000EC0331 /* AppDelegate.swift in Sources */,
				1A11EDB91C45672D00A612DB /* CustomOptionTableViewCell.swift in Sources */,
				1A11EDB51C4433DE00A612DB /* MenuTableViewController.swift in Sources */,
				1A11EDB31C4433AA00A612DB /* CustomItemTableViewCell.swift in Sources */,
			);
			runOnlyForDeploymentPostprocessing = 0;
		};
		1ABEB1991C42C92000EC0331 /* Sources */ = {
			isa = PBXSourcesBuildPhase;
			buildActionMask = 2147483647;
			files = (
				1ABEB1A21C42C92000EC0331 /* WatervilleFoodTests.swift in Sources */,
			);
			runOnlyForDeploymentPostprocessing = 0;
		};
		1ABEB1A41C42C92000EC0331 /* Sources */ = {
			isa = PBXSourcesBuildPhase;
			buildActionMask = 2147483647;
			files = (
				1ABEB1AD1C42C92000EC0331 /* WatervilleFoodUITests.swift in Sources */,
			);
			runOnlyForDeploymentPostprocessing = 0;
		};
/* End PBXSourcesBuildPhase section */

/* Begin PBXTargetDependency section */
		1ABEB19F1C42C92000EC0331 /* PBXTargetDependency */ = {
			isa = PBXTargetDependency;
			target = 1ABEB1881C42C92000EC0331 /* WatervilleFood */;
			targetProxy = 1ABEB19E1C42C92000EC0331 /* PBXContainerItemProxy */;
		};
		1ABEB1AA1C42C92000EC0331 /* PBXTargetDependency */ = {
			isa = PBXTargetDependency;
			target = 1ABEB1881C42C92000EC0331 /* WatervilleFood */;
			targetProxy = 1ABEB1A91C42C92000EC0331 /* PBXContainerItemProxy */;
		};
/* End PBXTargetDependency section */

/* Begin PBXVariantGroup section */
		1ABEB1901C42C92000EC0331 /* Main.storyboard */ = {
			isa = PBXVariantGroup;
			children = (
				1ABEB1911C42C92000EC0331 /* Base */,
			);
			name = Main.storyboard;
			sourceTree = "<group>";
		};
		1ABEB1951C42C92000EC0331 /* LaunchScreen.storyboard */ = {
			isa = PBXVariantGroup;
			children = (
				1ABEB1961C42C92000EC0331 /* Base */,
			);
			name = LaunchScreen.storyboard;
			sourceTree = "<group>";
		};
/* End PBXVariantGroup section */

/* Begin XCBuildConfiguration section */
		1ABEB1AF1C42C92000EC0331 /* Debug */ = {
			isa = XCBuildConfiguration;
			buildSettings = {
				ALWAYS_SEARCH_USER_PATHS = NO;
				CLANG_CXX_LANGUAGE_STANDARD = "gnu++0x";
				CLANG_CXX_LIBRARY = "libc++";
				CLANG_ENABLE_MODULES = YES;
				CLANG_ENABLE_OBJC_ARC = YES;
				CLANG_WARN_BOOL_CONVERSION = YES;
				CLANG_WARN_CONSTANT_CONVERSION = YES;
				CLANG_WARN_DIRECT_OBJC_ISA_USAGE = YES_ERROR;
				CLANG_WARN_EMPTY_BODY = YES;
				CLANG_WARN_ENUM_CONVERSION = YES;
				CLANG_WARN_INT_CONVERSION = YES;
				CLANG_WARN_OBJC_ROOT_CLASS = YES_ERROR;
				CLANG_WARN_UNREACHABLE_CODE = YES;
				CLANG_WARN__DUPLICATE_METHOD_MATCH = YES;
				"CODE_SIGN_IDENTITY[sdk=iphoneos*]" = "iPhone Developer";
				COPY_PHASE_STRIP = NO;
				DEBUG_INFORMATION_FORMAT = dwarf;
				ENABLE_STRICT_OBJC_MSGSEND = YES;
				ENABLE_TESTABILITY = YES;
				GCC_C_LANGUAGE_STANDARD = gnu99;
				GCC_DYNAMIC_NO_PIC = NO;
				GCC_NO_COMMON_BLOCKS = YES;
				GCC_OPTIMIZATION_LEVEL = 0;
				GCC_PREPROCESSOR_DEFINITIONS = (
					"DEBUG=1",
					"$(inherited)",
				);
				GCC_WARN_64_TO_32_BIT_CONVERSION = YES;
				GCC_WARN_ABOUT_RETURN_TYPE = YES_ERROR;
				GCC_WARN_UNDECLARED_SELECTOR = YES;
				GCC_WARN_UNINITIALIZED_AUTOS = YES_AGGRESSIVE;
				GCC_WARN_UNUSED_FUNCTION = YES;
				GCC_WARN_UNUSED_VARIABLE = YES;
				IPHONEOS_DEPLOYMENT_TARGET = 9.2;
				MTL_ENABLE_DEBUG_INFO = YES;
				ONLY_ACTIVE_ARCH = YES;
				SDKROOT = iphoneos;
				SWIFT_OPTIMIZATION_LEVEL = "-Onone";
				TARGETED_DEVICE_FAMILY = "1,2";
			};
			name = Debug;
		};
		1ABEB1B01C42C92000EC0331 /* Release */ = {
			isa = XCBuildConfiguration;
			buildSettings = {
				ALWAYS_SEARCH_USER_PATHS = NO;
				CLANG_CXX_LANGUAGE_STANDARD = "gnu++0x";
				CLANG_CXX_LIBRARY = "libc++";
				CLANG_ENABLE_MODULES = YES;
				CLANG_ENABLE_OBJC_ARC = YES;
				CLANG_WARN_BOOL_CONVERSION = YES;
				CLANG_WARN_CONSTANT_CONVERSION = YES;
				CLANG_WARN_DIRECT_OBJC_ISA_USAGE = YES_ERROR;
				CLANG_WARN_EMPTY_BODY = YES;
				CLANG_WARN_ENUM_CONVERSION = YES;
				CLANG_WARN_INT_CONVERSION = YES;
				CLANG_WARN_OBJC_ROOT_CLASS = YES_ERROR;
				CLANG_WARN_UNREACHABLE_CODE = YES;
				CLANG_WARN__DUPLICATE_METHOD_MATCH = YES;
				"CODE_SIGN_IDENTITY[sdk=iphoneos*]" = "iPhone Developer";
				COPY_PHASE_STRIP = NO;
				DEBUG_INFORMATION_FORMAT = "dwarf-with-dsym";
				ENABLE_NS_ASSERTIONS = NO;
				ENABLE_STRICT_OBJC_MSGSEND = YES;
				GCC_C_LANGUAGE_STANDARD = gnu99;
				GCC_NO_COMMON_BLOCKS = YES;
				GCC_WARN_64_TO_32_BIT_CONVERSION = YES;
				GCC_WARN_ABOUT_RETURN_TYPE = YES_ERROR;
				GCC_WARN_UNDECLARED_SELECTOR = YES;
				GCC_WARN_UNINITIALIZED_AUTOS = YES_AGGRESSIVE;
				GCC_WARN_UNUSED_FUNCTION = YES;
				GCC_WARN_UNUSED_VARIABLE = YES;
				IPHONEOS_DEPLOYMENT_TARGET = 9.2;
				MTL_ENABLE_DEBUG_INFO = NO;
				SDKROOT = iphoneos;
				TARGETED_DEVICE_FAMILY = "1,2";
				VALIDATE_PRODUCT = YES;
			};
			name = Release;
		};
		1ABEB1B21C42C92000EC0331 /* Debug */ = {
			isa = XCBuildConfiguration;
			baseConfigurationReference = FB14E4EDBD1008D716001003 /* Pods.debug.xcconfig */;
			buildSettings = {
				ASSETCATALOG_COMPILER_APPICON_NAME = AppIcon;
				FRAMEWORK_SEARCH_PATHS = (
					"$(PROJECT_DIR)/**",
					"$(PROJECT_DIR)/Pods/ParseCrashReporting",
				);
				INFOPLIST_FILE = WatervilleFood/Info.plist;
				LD_RUNPATH_SEARCH_PATHS = "$(inherited) @executable_path/Frameworks";
				LIBRARY_SEARCH_PATHS = (
					"$(inherited)",
					"$(PROJECT_DIR)/Pods/ParseCrashReporting",
				);
				PRODUCT_BUNDLE_IDENTIFIER = dhvogel.WatervilleFood;
				PRODUCT_NAME = "$(TARGET_NAME)";
			};
			name = Debug;
		};
		1ABEB1B31C42C92000EC0331 /* Release */ = {
			isa = XCBuildConfiguration;
			baseConfigurationReference = 3D2A92EC8528D33ECD2EEF60 /* Pods.release.xcconfig */;
			buildSettings = {
				ASSETCATALOG_COMPILER_APPICON_NAME = AppIcon;
				FRAMEWORK_SEARCH_PATHS = (
					"$(PROJECT_DIR)/**",
					"$(PROJECT_DIR)/Pods/ParseCrashReporting",
				);
				INFOPLIST_FILE = WatervilleFood/Info.plist;
				LD_RUNPATH_SEARCH_PATHS = "$(inherited) @executable_path/Frameworks";
				LIBRARY_SEARCH_PATHS = (
					"$(inherited)",
					"$(PROJECT_DIR)/Pods/ParseCrashReporting",
				);
				PRODUCT_BUNDLE_IDENTIFIER = dhvogel.WatervilleFood;
				PRODUCT_NAME = "$(TARGET_NAME)";
			};
			name = Release;
		};
		1ABEB1B51C42C92000EC0331 /* Debug */ = {
			isa = XCBuildConfiguration;
			buildSettings = {
				BUNDLE_LOADER = "$(TEST_HOST)";
				INFOPLIST_FILE = WatervilleFoodTests/Info.plist;
				LD_RUNPATH_SEARCH_PATHS = "$(inherited) @executable_path/Frameworks @loader_path/Frameworks";
				PRODUCT_BUNDLE_IDENTIFIER = dhvogel.WatervilleFoodTests;
				PRODUCT_NAME = "$(TARGET_NAME)";
				TEST_HOST = "$(BUILT_PRODUCTS_DIR)/WatervilleFood.app/WatervilleFood";
			};
			name = Debug;
		};
		1ABEB1B61C42C92000EC0331 /* Release */ = {
			isa = XCBuildConfiguration;
			buildSettings = {
				BUNDLE_LOADER = "$(TEST_HOST)";
				INFOPLIST_FILE = WatervilleFoodTests/Info.plist;
				LD_RUNPATH_SEARCH_PATHS = "$(inherited) @executable_path/Frameworks @loader_path/Frameworks";
				PRODUCT_BUNDLE_IDENTIFIER = dhvogel.WatervilleFoodTests;
				PRODUCT_NAME = "$(TARGET_NAME)";
				TEST_HOST = "$(BUILT_PRODUCTS_DIR)/WatervilleFood.app/WatervilleFood";
			};
			name = Release;
		};
		1ABEB1B81C42C92000EC0331 /* Debug */ = {
			isa = XCBuildConfiguration;
			buildSettings = {
				INFOPLIST_FILE = WatervilleFoodUITests/Info.plist;
				LD_RUNPATH_SEARCH_PATHS = "$(inherited) @executable_path/Frameworks @loader_path/Frameworks";
				PRODUCT_BUNDLE_IDENTIFIER = dhvogel.WatervilleFoodUITests;
				PRODUCT_NAME = "$(TARGET_NAME)";
				TEST_TARGET_NAME = WatervilleFood;
				USES_XCTRUNNER = YES;
			};
			name = Debug;
		};
		1ABEB1B91C42C92000EC0331 /* Release */ = {
			isa = XCBuildConfiguration;
			buildSettings = {
				INFOPLIST_FILE = WatervilleFoodUITests/Info.plist;
				LD_RUNPATH_SEARCH_PATHS = "$(inherited) @executable_path/Frameworks @loader_path/Frameworks";
				PRODUCT_BUNDLE_IDENTIFIER = dhvogel.WatervilleFoodUITests;
				PRODUCT_NAME = "$(TARGET_NAME)";
				TEST_TARGET_NAME = WatervilleFood;
				USES_XCTRUNNER = YES;
			};
			name = Release;
		};
/* End XCBuildConfiguration section */

/* Begin XCConfigurationList section */
		1ABEB1841C42C92000EC0331 /* Build configuration list for PBXProject "WatervilleFood" */ = {
			isa = XCConfigurationList;
			buildConfigurations = (
				1ABEB1AF1C42C92000EC0331 /* Debug */,
				1ABEB1B01C42C92000EC0331 /* Release */,
			);
			defaultConfigurationIsVisible = 0;
			defaultConfigurationName = Release;
		};
		1ABEB1B11C42C92000EC0331 /* Build configuration list for PBXNativeTarget "WatervilleFood" */ = {
			isa = XCConfigurationList;
			buildConfigurations = (
				1ABEB1B21C42C92000EC0331 /* Debug */,
				1ABEB1B31C42C92000EC0331 /* Release */,
			);
			defaultConfigurationIsVisible = 0;
			defaultConfigurationName = Release;
		};
		1ABEB1B41C42C92000EC0331 /* Build configuration list for PBXNativeTarget "WatervilleFoodTests" */ = {
			isa = XCConfigurationList;
			buildConfigurations = (
				1ABEB1B51C42C92000EC0331 /* Debug */,
				1ABEB1B61C42C92000EC0331 /* Release */,
			);
			defaultConfigurationIsVisible = 0;
			defaultConfigurationName = Release;
		};
		1ABEB1B71C42C92000EC0331 /* Build configuration list for PBXNativeTarget "WatervilleFoodUITests" */ = {
			isa = XCConfigurationList;
			buildConfigurations = (
				1ABEB1B81C42C92000EC0331 /* Debug */,
				1ABEB1B91C42C92000EC0331 /* Release */,
			);
			defaultConfigurationIsVisible = 0;
			defaultConfigurationName = Release;
		};
/* End XCConfigurationList section */
	};
	rootObject = 1ABEB1811C42C92000EC0331 /* Project object */;
}
